hash: 280c224bfda441d5668f6b42db5a50c9cd79c0c4c6b6f80cf9651319f9725436
updated: 2019-01-11T17:10:41.026604-08:00
imports:
- name: github.com/go-ini/ini
  version: 6ed8d5f64cd79a498d1f3fab5880cc376ce41bbe
- name: github.com/google/uuid
  version: 064e2069ce9c359c118179501254f67d7d37ba24
- name: github.com/mitchellh/go-homedir
  version: b8bc1bf767474819792c23f32d8286a45736f1c6
- name: github.com/sirupsen/logrus
  version: e1e72e9de974bd926e5c56f83753fba2df402ce5
- name: github.com/spf13/cast
  version: 8c9545af88b134710ab1cd196795e7f2388358d7
- name: github.com/xeipuuv/gojsonpointer
  version: 4e3ac2762d5f479393488629ee9370b50873b3a6
- name: github.com/xeipuuv/gojsonreference
  version: bd5ef7bd5415a7ac448318e64f11a24cd21e594b
- name: github.com/xeipuuv/gojsonschema
  version: 2c8e4be869c17540b336bab0ea18b8d73e6a28b7
- name: golang.org/x/crypto
  version: b2aa35443fbc700ab74c586ae79b81c171851023
  subpackages:
  - ssh/terminal
- name: golang.org/x/sys
  version: 3b87a42e500a6dc65dae1a55d0b641295971163e
  subpackages:
  - unix
  - windows
testImports:
- name: github.com/davecgh/go-spew
  version: 6d212800a42e8ab5c146b8ace3490ee17e5225f9
  subpackages:
  - spew
- name: github.com/h2non/gock
  version: a6029d17e101ac1594adafea9e63fd8c988a8701
- name: github.com/pmezard/go-difflib
  version: 792786c7400a136282c1664665ae0a8db921c6c2
  subpackages:
  - difflib
- name: github.com/stretchr/testify
  version: ffdc059bfe9ce6a4e144ba849dbedead332c6053
  subpackages:
  - assert
